{
  "version": 4,
  "terraform_version": "1.14.6",
  "serial": 5,
  "lineage": "56f232ee-ccf9-9b27-7dd1-2ef0bef8d60b",
  "outputs": {},
  "resources": [
    {
      "mode": "managed",
      "type": "local_file",
      "name": "svc",
      "provider": "provider[\"registry.terraform.io/hashicorp/local\"]",
      "instances": [
        {
          "index_key": "orders",
          "schema_version": 0,
          "attributes": {
            "content": "service=orders\n",
            "content_base64": null,
            "content_base64sha256": "fpx948fkglx/4xHltf9RPUtotP04dif5dd3RMAzxEwk=",
            "content_base64sha512": "6arhnZUdBEijWWahrucq5A4mV+oaQwJAO8zm2+hL9Ukt03riLabMHSASpdWqijZanbrXjtbi8IG9q5my9sg8wQ==",
            "content_md5": "7d4b17619a4d5f224698013fc4ca631a",
            "content_sha1": "62a458ebefe1159e6ce25dec17d61431f5e897b7",
            "content_sha256": "7e9c7de3c7e4825c7fe311e5b5ff513d4b68b4fd387627f975ddd1300cf11309",
            "content_sha512": "e9aae19d951d0448a35966a1aee72ae40e2657ea1a4302403bcce6dbe84bf5492dd37ae22da6cc1d2012a5d5aa8a365a9dbad78ed6e2f081bdab99b2f6c83cc1",
            "directory_permission": "0777",
            "file_permission": "0777",
            "filename": "./orders.txt",
            "id": "62a458ebefe1159e6ce25dec17d61431f5e897b7",
            "sensitive_content": null,
            "source": null
          },
          "sensitive_attributes": [
            [
              {
                "type": "get_attr",
                "value": "sensitive_content"
              }
            ]
          ],
          "identity_schema_version": 0
        },
        {
          "index_key": "payments",
          "schema_version": 0,
          "attributes": {
            "content": "service=payments\n",
            "content_base64": null,
            "content_base64sha256": "0I6+758Pj0hmQA1DLhyAQfXk/Oc6S1bWb6qHUEMOm/M=",
            "content_base64sha512": "qy1zVuZ8buH4SFdLcPDHCG4c3adyEc0DVm/3wHZr9ekW900R61VKlFQsKIhHwbqDmPuM8L+V6m+y4AmvfrQutw==",
            "content_md5": "805c614e2c7e8e1f54590d10fc4a1b26",
            "content_sha1": "caaed8868c4fd7ddf3e37f9b91165567789974b7",
            "content_sha256": "d08ebeef9f0f8f4866400d432e1c8041f5e4fce73a4b56d66faa8750430e9bf3",
            "content_sha512": "ab2d7356e67c6ee1f848574b70f0c7086e1cdda77211cd03566ff7c0766bf5e916f74d11eb554a94542c288847c1ba8398fb8cf0bf95ea6fb2e009af7eb42eb7",
            "directory_permission": "0777",
            "file_permission": "0777",
            "filename": "./payments.txt",
            "id": "caaed8868c4fd7ddf3e37f9b91165567789974b7",
            "sensitive_content": null,
            "source": null
          },
          "sensitive_attributes": [
            [
              {
                "type": "get_attr",
                "value": "sensitive_content"
              }
            ]
          ],
          "identity_schema_version": 0
        }
      ]
    }
  ],
  "check_results": null
}
