{
  "version": 4,
  "terraform_version": "1.14.6",
  "serial": 1,
  "lineage": "34c03a5d-1820-b584-816c-b613fd222961",
  "outputs": {},
  "resources": [
    {
      "mode": "managed",
      "type": "local_file",
      "name": "drift_demo",
      "provider": "provider[\"registry.terraform.io/hashicorp/local\"]",
      "instances": [
        {
          "schema_version": 0,
          "attributes": {
            "content": "managed_by=terraform\nvalue=100\n",
            "content_base64": null,
            "content_base64sha256": "c0gahxH4iEulG09NBKtEdxu+ZU5GABPShyw48iYlxGQ=",
            "content_base64sha512": "5tdKnnpskwBtaPxmSWp+ezin3qbgj/1PnIP5JIte40rT7ZLTe2gcs+IrF2+6z1lzxxFRNlJqVo0Pjx/unMadwg==",
            "content_md5": "888c9f62d0357804b914e453a461c6de",
            "content_sha1": "4368c67e2bddf8377cf3d822927b160916a7f410",
            "content_sha256": "73481a8711f8884ba51b4f4d04ab44771bbe654e460013d2872c38f22625c464",
            "content_sha512": "e6d74a9e7a6c93006d68fc66496a7e7b38a7dea6e08ffd4f9c83f9248b5ee34ad3ed92d37b681cb3e22b176fbacf5973c7115136526a568d0f8f1fee9cc69dc2",
            "directory_permission": "0777",
            "file_permission": "0777",
            "filename": "./drift.txt",
            "id": "4368c67e2bddf8377cf3d822927b160916a7f410",
            "sensitive_content": null,
            "source": null
          },
          "sensitive_attributes": [
            [
              {
                "type": "get_attr",
                "value": "sensitive_content"
              }
            ]
          ],
          "identity_schema_version": 0
        }
      ]
    }
  ],
  "check_results": null
}
