{
  "version": 4,
  "terraform_version": "1.14.6",
  "serial": 1,
  "lineage": "31afcd99-893b-47e2-d8d6-4006c8cb1d11",
  "outputs": {},
  "resources": [
    {
      "mode": "managed",
      "type": "local_file",
      "name": "critical",
      "provider": "provider[\"registry.terraform.io/hashicorp/local\"]",
      "instances": [
        {
          "schema_version": 0,
          "attributes": {
            "content": "do_not_delete\n",
            "content_base64": null,
            "content_base64sha256": "XpxYHDY98hOMKWP+YPOOEr2MOQIxXWUJXY5WY8f+DfE=",
            "content_base64sha512": "svCVYCJY9I7Wr+POMcqr5RxgTYCfX/e3D6nUWCvf+VQRsORGdn+7CB5SloOgT4NvrseEyhKAZcxAapgVqiclLQ==",
            "content_md5": "4138d4a896886aa4c2de703e6052fc33",
            "content_sha1": "96a9402793685cd70d0cafedbd2c7156c7f9c129",
            "content_sha256": "5e9c581c363df2138c2963fe60f38e12bd8c3902315d65095d8e5663c7fe0df1",
            "content_sha512": "b2f095602258f48ed6afe3ce31caabe51c604d809f5ff7b70fa9d4582bdff95411b0e446767fbb081e529683a04f836faec784ca128065cc406a9815aa27252d",
            "directory_permission": "0777",
            "file_permission": "0777",
            "filename": "./critical.txt",
            "id": "96a9402793685cd70d0cafedbd2c7156c7f9c129",
            "sensitive_content": null,
            "source": null
          },
          "sensitive_attributes": [
            [
              {
                "type": "get_attr",
                "value": "sensitive_content"
              }
            ]
          ],
          "identity_schema_version": 0
        }
      ]
    }
  ],
  "check_results": null
}
