{
  "version": 4,
  "terraform_version": "1.14.6",
  "serial": 1,
  "lineage": "648c6a68-89ad-d7fd-9379-1e208eb06b4a",
  "outputs": {
    "config_path": {
      "value": "./app.conf",
      "type": "string"
    }
  },
  "resources": [
    {
      "mode": "managed",
      "type": "local_file",
      "name": "app_config",
      "provider": "provider[\"registry.terraform.io/hashicorp/local\"]",
      "instances": [
        {
          "schema_version": 0,
          "attributes": {
            "content": "version=1\nowner=platform\n",
            "content_base64": null,
            "content_base64sha256": "ULljCoNiFKhz5pGOTD8rSnsWMUcEOGNKuPr86khhWZU=",
            "content_base64sha512": "L0XJJ3s9nzfCZ5o90sdq7wn/U5lFQ3oG1jgxWbGlPlXvEN8z2xl2AWMtXubPP9XsfzA+wlM5Qy7zcyYXu4ii1A==",
            "content_md5": "c7019d7c3a3233a0f97bc14afbf45b48",
            "content_sha1": "ffbfe23b3d53cc88521879aad6744ef3b53c4c74",
            "content_sha256": "50b9630a836214a873e6918e4c3f2b4a7b1631470438634ab8fafcea48615995",
            "content_sha512": "2f45c9277b3d9f37c2679a3dd2c76aef09ff539945437a06d6383159b1a53e55ef10df33db197601632d5ee6cf3fd5ec7f303ec25339432ef3732617bb88a2d4",
            "directory_permission": "0777",
            "file_permission": "0777",
            "filename": "./app.conf",
            "id": "ffbfe23b3d53cc88521879aad6744ef3b53c4c74",
            "sensitive_content": null,
            "source": null
          },
          "sensitive_attributes": [
            [
              {
                "type": "get_attr",
                "value": "sensitive_content"
              }
            ]
          ],
          "identity_schema_version": 0
        }
      ]
    }
  ],
  "check_results": null
}
