{
  "version": 4,
  "terraform_version": "1.14.6",
  "serial": 1,
  "lineage": "0a6fc10c-59f9-b9bb-1fbf-47139c8aae3a",
  "outputs": {},
  "resources": [
    {
      "mode": "managed",
      "type": "local_file",
      "name": "old_name",
      "provider": "provider[\"registry.terraform.io/hashicorp/local\"]",
      "instances": [
        {
          "schema_version": 0,
          "attributes": {
            "content": "hello\n",
            "content_base64": null,
            "content_base64sha256": "WJG1tSLV3whtD/CxEPvZ0hu0/HFjrzTQgoai6Eb2vgM=",
            "content_base64sha512": "58IrmUxZ2c8rSOVJseJGZmNgRZMNPafBrLKZ0cO3+TH5Sq5B7dosKyB6NuEPi8uNRSI+VIePWzFufOO2vAGWKQ==",
            "content_md5": "b1946ac92492d2347c6235b4d2611184",
            "content_sha1": "f572d396fae9206628714fb2ce00f72e94f2258f",
            "content_sha256": "5891b5b522d5df086d0ff0b110fbd9d21bb4fc7163af34d08286a2e846f6be03",
            "content_sha512": "e7c22b994c59d9cf2b48e549b1e24666636045930d3da7c1acb299d1c3b7f931f94aae41edda2c2b207a36e10f8bcb8d45223e54878f5b316e7ce3b6bc019629",
            "directory_permission": "0777",
            "file_permission": "0777",
            "filename": "./name.txt",
            "id": "f572d396fae9206628714fb2ce00f72e94f2258f",
            "sensitive_content": null,
            "source": null
          },
          "sensitive_attributes": [
            [
              {
                "type": "get_attr",
                "value": "sensitive_content"
              }
            ]
          ],
          "identity_schema_version": 0
        }
      ]
    }
  ],
  "check_results": null
}
